
Microsoft Visual Studio Solution File, Format Version 12.00
# Visual Studio 15
Project("{FAE04EC0-301F-11D3-BF4B-00C04F79EFBC}") = "Assembly-CSharp", "Assembly-CSharp.csproj", "{1A469D80-9234-EEF4-2767-0F9D362A2D42}"
EndProject
Project("{FAE04EC0-301F-11D3-BF4B-00C04F79EFBC}") = "Assembly-CSharp-Editor", "Assembly-CSharp-Editor.csproj", "{3C2CB315-FD81-076C-E1FA-250D47BC2A22}"
EndProject
Global
	GlobalSection(SolutionConfigurationPlatforms) = preSolution
		Debug|Any CPU = Debug|Any CPU
		Release|Any CPU = Release|Any CPU
	EndGlobalSection
	GlobalSection(ProjectConfigurationPlatforms) = postSolution
		{1A469D80-9234-EEF4-2767-0F9D362A2D42}.Debug|Any CPU.ActiveCfg = Debug|Any CPU
		{1A469D80-9234-EEF4-2767-0F9D362A2D42}.Debug|Any CPU.Build.0 = Debug|Any CPU
		{1A469D80-9234-EEF4-2767-0F9D362A2D42}.Release|Any CPU.ActiveCfg = Release|Any CPU
		{1A469D80-9234-EEF4-2767-0F9D362A2D42}.Release|Any CPU.Build.0 = Release|Any CPU
		{3C2CB315-FD81-076C-E1FA-250D47BC2A22}.Debug|Any CPU.ActiveCfg = Debug|Any CPU
		{3C2CB315-FD81-076C-E1FA-250D47BC2A22}.Debug|Any CPU.Build.0 = Debug|Any CPU
		{3C2CB315-FD81-076C-E1FA-250D47BC2A22}.Release|Any CPU.ActiveCfg = Release|Any CPU
		{3C2CB315-FD81-076C-E1FA-250D47BC2A22}.Release|Any CPU.Build.0 = Release|Any CPU
	EndGlobalSection
	GlobalSection(SolutionProperties) = preSolution
		HideSolutionNode = FALSE
	EndGlobalSection
EndGlobal
